// !$*UTF8*$!
{
	archiveVersion = 1;
	classes = {
	};
	objectVersion = 77;
	objects = {

/* Begin PBXBuildFile section */
		B3548B852E2E52C90045BA41 /* FiveMinutes Watch App.app in Embed Watch Content */ = {isa = PBXBuildFile; fileRef = B3548B842E2E52C90045BA41 /* FiveMinutes Watch App.app */; settings = {ATTRIBUTES = (RemoveHeadersOnCopy, ); }; };
/* End PBXBuildFile section */

/* Begin PBXContainerItemProxy section */
		B3548B862E2E52C90045BA41 /* PBXContainerItemProxy */ = {
			isa = PBXContainerItemProxy;
			containerPortal = B3548B782E2E52C90045BA41 /* Project object */;
			proxyType = 1;
			remoteGlobalIDString = B3548B832E2E52C90045BA41;
			remoteInfo = "FiveMinutes Watch App";
		};
		B3548B942E2E52CB0045BA41 /* PBXContainerItemProxy */ = {
			isa = PBXContainerItemProxy;
			containerPortal = B3548B782E2E52C90045BA41 /* Project object */;
			proxyType = 1;
			remoteGlobalIDString = B3548B832E2E52C90045BA41;
			remoteInfo = "FiveMinutes Watch App";
		};
		B3548B9E2E2E52CB0045BA41 /* PBXContainerItemProxy */ = {
			isa = PBXContainerItemProxy;
			containerPortal = B3548B782E2E52C90045BA41 /* Project object */;
			proxyType = 1;
			remoteGlobalIDString = B3548B832E2E52C90045BA41;
			remoteInfo = "FiveMinutes Watch App";
		};
/* End PBXContainerItemProxy section */

/* Begin PBXCopyFilesBuildPhase section */
		B3548BAA2E2E52CB0045BA41 /* Embed Watch Content */ = {
			isa = PBXCopyFilesBuildPhase;
			buildActionMask = 2147483647;
			dstPath = "$(CONTENTS_FOLDER_PATH)/Watch";
			dstSubfolderSpec = 16;
			files = (
				B3548B852E2E52C90045BA41 /* FiveMinutes Watch App.app in Embed Watch Content */,
			);
			name = "Embed Watch Content";
			runOnlyForDeploymentPostprocessing = 0;
		};
/* End PBXCopyFilesBuildPhase section */

/* Begin PBXFileReference section */
		B3548B7E2E2E52C90045BA41 /* FiveMinutes.app */ = {isa = PBXFileReference; explicitFileType = wrapper.application; includeInIndex = 0; path = FiveMinutes.app; sourceTree = BUILT_PRODUCTS_DIR; };
		B3548B842E2E52C90045BA41 /* FiveMinutes Watch App.app */ = {isa = PBXFileReference; explicitFileType = wrapper.application; includeInIndex = 0; path = "FiveMinutes Watch App.app"; sourceTree = BUILT_PRODUCTS_DIR; };
		B3548B932E2E52CB0045BA41 /* FiveMinutes Watch AppTests.xctest */ = {isa = PBXFileReference; explicitFileType = wrapper.cfbundle; includeInIndex = 0; path = "FiveMinutes Watch AppTests.xctest"; sourceTree = BUILT_PRODUCTS_DIR; };
		B3548B9D2E2E52CB0045BA41 /* FiveMinutes Watch AppUITests.xctest */ = {isa = PBXFileReference; explicitFileType = wrapper.cfbundle; includeInIndex = 0; path = "FiveMinutes Watch AppUITests.xctest"; sourceTree = BUILT_PRODUCTS_DIR; };
/* End PBXFileReference section */

/* Begin PBXFileSystemSynchronizedRootGroup section */
		B3548B882E2E52C90045BA41 /* FiveMinutes Watch App */ = {
			isa = PBXFileSystemSynchronizedRootGroup;
			path = "FiveMinutes Watch App";
			sourceTree = "<group>";
		};
		B3548B962E2E52CB0045BA41 /* FiveMinutes Watch AppTests */ = {
			isa = PBXFileSystemSynchronizedRootGroup;
			path = "FiveMinutes Watch AppTests";
			sourceTree = "<group>";
		};
		B3548BA02E2E52CB0045BA41 /* FiveMinutes Watch AppUITests */ = {
			isa = PBXFileSystemSynchronizedRootGroup;
			path = "FiveMinutes Watch AppUITests";
			sourceTree = "<group>";
		};
/* End PBXFileSystemSynchronizedRootGroup section */

/* Begin PBXFrameworksBuildPhase section */
		B3548B812E2E52C90045BA41 /* Frameworks */ = {
			isa = PBXFrameworksBuildPhase;
			buildActionMask = 2147483647;
			files = (
			);
			runOnlyForDeploymentPostprocessing = 0;
		};
		B3548B902E2E52CB0045BA41 /* Frameworks */ = {
			isa = PBXFrameworksBuildPhase;
			buildActionMask = 2147483647;
			files = (
			);
			runOnlyForDeploymentPostprocessing = 0;
		};
		B3548B9A2E2E52CB0045BA41 /* Frameworks */ = {
			isa = PBXFrameworksBuildPhase;
			buildActionMask = 2147483647;
			files = (
			);
			runOnlyForDeploymentPostprocessing = 0;
		};
/* End PBXFrameworksBuildPhase section */

/* Begin PBXGroup section */
		B3548B772E2E52C90045BA41 = {
			isa = PBXGroup;
			children = (
				B3548B882E2E52C90045BA41 /* FiveMinutes Watch App */,
				B3548B962E2E52CB0045BA41 /* FiveMinutes Watch AppTests */,
				B3548BA02E2E52CB0045BA41 /* FiveMinutes Watch AppUITests */,
				B3548B7F2E2E52C90045BA41 /* Products */,
			);
			sourceTree = "<group>";
		};
		B3548B7F2E2E52C90045BA41 /* Products */ = {
			isa = PBXGroup;
			children = (
				B3548B7E2E2E52C90045BA41 /* FiveMinutes.app */,
				B3548B842E2E52C90045BA41 /* FiveMinutes Watch App.app */,
				B3548B932E2E52CB0045BA41 /* FiveMinutes Watch AppTests.xctest */,
				B3548B9D2E2E52CB0045BA41 /* FiveMinutes Watch AppUITests.xctest */,
			);
			name = Products;
			sourceTree = "<group>";
		};
/* End PBXGroup section */

/* Begin PBXNativeTarget section */
		B3548B7D2E2E52C90045BA41 /* FiveMinutes */ = {
			isa = PBXNativeTarget;
			buildConfigurationList = B3548BAB2E2E52CB0045BA41 /* Build configuration list for PBXNativeTarget "FiveMinutes" */;
			buildPhases = (
				B3548B7C2E2E52C90045BA41 /* Resources */,
				B3548BAA2E2E52CB0045BA41 /* Embed Watch Content */,
			);
			buildRules = (
			);
			dependencies = (
				B3548B872E2E52C90045BA41 /* PBXTargetDependency */,
			);
			name = FiveMinutes;
			packageProductDependencies = (
			);
			productName = FiveMinutes;
			productReference = B3548B7E2E2E52C90045BA41 /* FiveMinutes.app */;
			productType = "com.apple.product-type.application.watchapp2-container";
		};
		B3548B832E2E52C90045BA41 /* FiveMinutes Watch App */ = {
			isa = PBXNativeTarget;
			buildConfigurationList = B3548BA72E2E52CB0045BA41 /* Build configuration list for PBXNativeTarget "FiveMinutes Watch App" */;
			buildPhases = (
				B3548B802E2E52C90045BA41 /* Sources */,
				B3548B812E2E52C90045BA41 /* Frameworks */,
				B3548B822E2E52C90045BA41 /* Resources */,
			);
			buildRules = (
			);
			dependencies = (
			);
			fileSystemSynchronizedGroups = (
				B3548B882E2E52C90045BA41 /* FiveMinutes Watch App */,
			);
			name = "FiveMinutes Watch App";
			packageProductDependencies = (
			);
			productName = "FiveMinutes Watch App";
			productReference = B3548B842E2E52C90045BA41 /* FiveMinutes Watch App.app */;
			productType = "com.apple.product-type.application";
		};
		B3548B922E2E52CB0045BA41 /* FiveMinutes Watch AppTests */ = {
			isa = PBXNativeTarget;
			buildConfigurationList = B3548BAE2E2E52CB0045BA41 /* Build configuration list for PBXNativeTarget "FiveMinutes Watch AppTests" */;
			buildPhases = (
				B3548B8F2E2E52CB0045BA41 /* Sources */,
				B3548B902E2E52CB0045BA41 /* Frameworks */,
				B3548B912E2E52CB0045BA41 /* Resources */,
			);
			buildRules = (
			);
			dependencies = (
				B3548B952E2E52CB0045BA41 /* PBXTargetDependency */,
			);
			fileSystemSynchronizedGroups = (
				B3548B962E2E52CB0045BA41 /* FiveMinutes Watch AppTests */,
			);
			name = "FiveMinutes Watch AppTests";
			packageProductDependencies = (
			);
			productName = "FiveMinutes Watch AppTests";
			productReference = B3548B932E2E52CB0045BA41 /* FiveMinutes Watch AppTests.xctest */;
			productType = "com.apple.product-type.bundle.unit-test";
		};
		B3548B9C2E2E52CB0045BA41 /* FiveMinutes Watch AppUITests */ = {
			isa = PBXNativeTarget;
			buildConfigurationList = B3548BB12E2E52CB0045BA41 /* Build configuration list for PBXNativeTarget "FiveMinutes Watch AppUITests" */;
			buildPhases = (
				B3548B992E2E52CB0045BA41 /* Sources */,
				B3548B9A2E2E52CB0045BA41 /* Frameworks */,
				B3548B9B2E2E52CB0045BA41 /* Resources */,
			);
			buildRules = (
			);
			dependencies = (
				B3548B9F2E2E52CB0045BA41 /* PBXTargetDependency */,
			);
			fileSystemSynchronizedGroups = (
				B3548BA02E2E52CB0045BA41 /* FiveMinutes Watch AppUITests */,
			);
			name = "FiveMinutes Watch AppUITests";
			packageProductDependencies = (
			);
			productName = "FiveMinutes Watch AppUITests";
			productReference = B3548B9D2E2E52CB0045BA41 /* FiveMinutes Watch AppUITests.xctest */;
			productType = "com.apple.product-type.bundle.ui-testing";
		};
/* End PBXNativeTarget section */

/* Begin PBXProject section */
		B3548B782E2E52C90045BA41 /* Project object */ = {
			isa = PBXProject;
			attributes = {
				BuildIndependentTargetsInParallel = 1;
				LastSwiftUpdateCheck = 1640;
				LastUpgradeCheck = 1640;
				TargetAttributes = {
					B3548B7D2E2E52C90045BA41 = {
						CreatedOnToolsVersion = 16.4;
					};
					B3548B832E2E52C90045BA41 = {
						CreatedOnToolsVersion = 16.4;
					};
					B3548B922E2E52CB0045BA41 = {
						CreatedOnToolsVersion = 16.4;
						TestTargetID = B3548B832E2E52C90045BA41;
					};
					B3548B9C2E2E52CB0045BA41 = {
						CreatedOnToolsVersion = 16.4;
						TestTargetID = B3548B832E2E52C90045BA41;
					};
				};
			};
			buildConfigurationList = B3548B7B2E2E52C90045BA41 /* Build configuration list for PBXProject "FiveMinutes" */;
			developmentRegion = en;
			hasScannedForEncodings = 0;
			knownRegions = (
				en,
				Base,
			);
			mainGroup = B3548B772E2E52C90045BA41;
			minimizedProjectReferenceProxies = 1;
			preferredProjectObjectVersion = 77;
			productRefGroup = B3548B7F2E2E52C90045BA41 /* Products */;
			projectDirPath = "";
			projectRoot = "";
			targets = (
				B3548B7D2E2E52C90045BA41 /* FiveMinutes */,
				B3548B832E2E52C90045BA41 /* FiveMinutes Watch App */,
				B3548B922E2E52CB0045BA41 /* FiveMinutes Watch AppTests */,
				B3548B9C2E2E52CB0045BA41 /* FiveMinutes Watch AppUITests */,
			);
		};
/* End PBXProject section */

/* Begin PBXResourcesBuildPhase section */
		B3548B7C2E2E52C90045BA41 /* Resources */ = {
			isa = PBXResourcesBuildPhase;
			buildActionMask = 2147483647;
			files = (
			);
			runOnlyForDeploymentPostprocessing = 0;
		};
		B3548B822E2E52C90045BA41 /* Resources */ = {
			isa = PBXResourcesBuildPhase;
			buildActionMask = 2147483647;
			files = (
			);
			runOnlyForDeploymentPostprocessing = 0;
		};
		B3548B912E2E52CB0045BA41 /* Resources */ = {
			isa = PBXResourcesBuildPhase;
			buildActionMask = 2147483647;
			files = (
			);
			runOnlyForDeploymentPostprocessing = 0;
		};
		B3548B9B2E2E52CB0045BA41 /* Resources */ = {
			isa = PBXResourcesBuildPhase;
			buildActionMask = 2147483647;
			files = (
			);
			runOnlyForDeploymentPostprocessing = 0;
		};
/* End PBXResourcesBuildPhase section */

/* Begin PBXSourcesBuildPhase section */
		B3548B802E2E52C90045BA41 /* Sources */ = {
			isa = PBXSourcesBuildPhase;
			buildActionMask = 2147483647;
			files = (
			);
			runOnlyForDeploymentPostprocessing = 0;
		};
		B3548B8F2E2E52CB0045BA41 /* Sources */ = {
			isa = PBXSourcesBuildPhase;
			buildActionMask = 2147483647;
			files = (
			);
			runOnlyForDeploymentPostprocessing = 0;
		};
		B3548B992E2E52CB0045BA41 /* Sources */ = {
			isa = PBXSourcesBuildPhase;
			buildActionMask = 2147483647;
			files = (
			);
			runOnlyForDeploymentPostprocessing = 0;
		};
/* End PBXSourcesBuildPhase section */

/* Begin PBXTargetDependency section */
		B3548B872E2E52C90045BA41 /* PBXTargetDependency */ = {
			isa = PBXTargetDependency;
			target = B3548B832E2E52C90045BA41 /* FiveMinutes Watch App */;
			targetProxy = B3548B862E2E52C90045BA41 /* PBXContainerItemProxy */;
		};
		B3548B952E2E52CB0045BA41 /* PBXTargetDependency */ = {
			isa = PBXTargetDependency;
			target = B3548B832E2E52C90045BA41 /* FiveMinutes Watch App */;
			targetProxy = B3548B942E2E52CB0045BA41 /* PBXContainerItemProxy */;
		};
		B3548B9F2E2E52CB0045BA41 /* PBXTargetDependency */ = {
			isa = PBXTargetDependency;
			target = B3548B832E2E52C90045BA41 /* FiveMinutes Watch App */;
			targetProxy = B3548B9E2E2E52CB0045BA41 /* PBXContainerItemProxy */;
		};
/* End PBXTargetDependency section */

/* Begin XCBuildConfiguration section */
		B3548BA52E2E52CB0045BA41 /* Debug */ = {
			isa = XCBuildConfiguration;
			buildSettings = {
				ALWAYS_SEARCH_USER_PATHS = NO;
				ASSETCATALOG_COMPILER_GENERATE_SWIFT_ASSET_SYMBOL_EXTENSIONS = YES;
				CLANG_ANALYZER_NONNULL = YES;
				CLANG_ANALYZER_NUMBER_OBJECT_CONVERSION = YES_AGGRESSIVE;
				CLANG_CXX_LANGUAGE_STANDARD = "gnu++20";
				CLANG_ENABLE_MODULES = YES;
				CLANG_ENABLE_OBJC_ARC = YES;
				CLANG_ENABLE_OBJC_WEAK = YES;
				CLANG_WARN_BLOCK_CAPTURE_AUTORELEASING = YES;
				CLANG_WARN_BOOL_CONVERSION = YES;
				CLANG_WARN_COMMA = YES;
				CLANG_WARN_CONSTANT_CONVERSION = YES;
				CLANG_WARN_DEPRECATED_OBJC_IMPLEMENTATIONS = YES;
				CLANG_WARN_DIRECT_OBJC_ISA_USAGE = YES_ERROR;
				CLANG_WARN_DOCUMENTATION_COMMENTS = YES;
				CLANG_WARN_EMPTY_BODY = YES;
				CLANG_WARN_ENUM_CONVERSION = YES;
				CLANG_WARN_INFINITE_RECURSION = YES;
				CLANG_WARN_INT_CONVERSION = YES;
				CLANG_WARN_NON_LITERAL_NULL_CONVERSION = YES;
				CLANG_WARN_OBJC_IMPLICIT_RETAIN_SELF = YES;
				CLANG_WARN_OBJC_LITERAL_CONVERSION = YES;
				CLANG_WARN_OBJC_ROOT_CLASS = YES_ERROR;
				CLANG_WARN_QUOTED_INCLUDE_IN_FRAMEWORK_HEADER = YES;
				CLANG_WARN_RANGE_LOOP_ANALYSIS = YES;
				CLANG_WARN_STRICT_PROTOTYPES = YES;
				CLANG_WARN_SUSPICIOUS_MOVE = YES;
				CLANG_WARN_UNGUARDED_AVAILABILITY = YES_AGGRESSIVE;
				CLANG_WARN_UNREACHABLE_CODE = YES;
				CLANG_WARN__DUPLICATE_METHOD_MATCH = YES;
				COPY_PHASE_STRIP = NO;
				DEBUG_INFORMATION_FORMAT = dwarf;
				DEVELOPMENT_TEAM = Y65QKG27DA;
				ENABLE_STRICT_OBJC_MSGSEND = YES;
				ENABLE_TESTABILITY = YES;
				ENABLE_USER_SCRIPT_SANDBOXING = YES;
				GCC_C_LANGUAGE_STANDARD = gnu17;
				GCC_DYNAMIC_NO_PIC = NO;
				GCC_NO_COMMON_BLOCKS = YES;
				GCC_OPTIMIZATION_LEVEL = 0;
				GCC_PREPROCESSOR_DEFINITIONS = (
					"DEBUG=1",
					"$(inherited)",
				);
				GCC_WARN_64_TO_32_BIT_CONVERSION = YES;
				GCC_WARN_ABOUT_RETURN_TYPE = YES_ERROR;
				GCC_WARN_UNDECLARED_SELECTOR = YES;
				GCC_WARN_UNINITIALIZED_AUTOS = YES_AGGRESSIVE;
				GCC_WARN_UNUSED_FUNCTION = YES;
				GCC_WARN_UNUSED_VARIABLE = YES;
				LOCALIZATION_PREFERS_STRING_CATALOGS = YES;
				MTL_ENABLE_DEBUG_INFO = INCLUDE_SOURCE;
				MTL_FAST_MATH = YES;
				ONLY_ACTIVE_ARCH = YES;
				SWIFT_ACTIVE_COMPILATION_CONDITIONS = "DEBUG $(inherited)";
				SWIFT_OPTIMIZATION_LEVEL = "-Onone";
			};
			name = Debug;
		};
		B3548BA62E2E52CB0045BA41 /* Release */ = {
			isa = XCBuildConfiguration;
			buildSettings = {
				ALWAYS_SEARCH_USER_PATHS = NO;
				ASSETCATALOG_COMPILER_GENERATE_SWIFT_ASSET_SYMBOL_EXTENSIONS = YES;
				CLANG_ANALYZER_NONNULL = YES;
				CLANG_ANALYZER_NUMBER_OBJECT_CONVERSION = YES_AGGRESSIVE;
				CLANG_CXX_LANGUAGE_STANDARD = "gnu++20";
				CLANG_ENABLE_MODULES = YES;
				CLANG_ENABLE_OBJC_ARC = YES;
				CLANG_ENABLE_OBJC_WEAK = YES;
				CLANG_WARN_BLOCK_CAPTURE_AUTORELEASING = YES;
				CLANG_WARN_BOOL_CONVERSION = YES;
				CLANG_WARN_COMMA = YES;
				CLANG_WARN_CONSTANT_CONVERSION = YES;
				CLANG_WARN_DEPRECATED_OBJC_IMPLEMENTATIONS = YES;
				CLANG_WARN_DIRECT_OBJC_ISA_USAGE = YES_ERROR;
				CLANG_WARN_DOCUMENTATION_COMMENTS = YES;
				CLANG_WARN_EMPTY_BODY = YES;
				CLANG_WARN_ENUM_CONVERSION = YES;
				CLANG_WARN_INFINITE_RECURSION = YES;
				CLANG_WARN_INT_CONVERSION = YES;
				CLANG_WARN_NON_LITERAL_NULL_CONVERSION = YES;
				CLANG_WARN_OBJC_IMPLICIT_RETAIN_SELF = YES;
				CLANG_WARN_OBJC_LITERAL_CONVERSION = YES;
				CLANG_WARN_OBJC_ROOT_CLASS = YES_ERROR;
				CLANG_WARN_QUOTED_INCLUDE_IN_FRAMEWORK_HEADER = YES;
				CLANG_WARN_RANGE_LOOP_ANALYSIS = YES;
				CLANG_WARN_STRICT_PROTOTYPES = YES;
				CLANG_WARN_SUSPICIOUS_MOVE = YES;
				CLANG_WARN_UNGUARDED_AVAILABILITY = YES_AGGRESSIVE;
				CLANG_WARN_UNREACHABLE_CODE = YES;
				CLANG_WARN__DUPLICATE_METHOD_MATCH = YES;
				COPY_PHASE_STRIP = NO;
				DEBUG_INFORMATION_FORMAT = "dwarf-with-dsym";
				DEVELOPMENT_TEAM = Y65QKG27DA;
				ENABLE_NS_ASSERTIONS = NO;
				ENABLE_STRICT_OBJC_MSGSEND = YES;
				ENABLE_USER_SCRIPT_SANDBOXING = YES;
				GCC_C_LANGUAGE_STANDARD = gnu17;
				GCC_NO_COMMON_BLOCKS = YES;
				GCC_WARN_64_TO_32_BIT_CONVERSION = YES;
				GCC_WARN_ABOUT_RETURN_TYPE = YES_ERROR;
				GCC_WARN_UNDECLARED_SELECTOR = YES;
				GCC_WARN_UNINITIALIZED_AUTOS = YES_AGGRESSIVE;
				GCC_WARN_UNUSED_FUNCTION = YES;
				GCC_WARN_UNUSED_VARIABLE = YES;
				LOCALIZATION_PREFERS_STRING_CATALOGS = YES;
				MTL_ENABLE_DEBUG_INFO = NO;
				MTL_FAST_MATH = YES;
				SWIFT_COMPILATION_MODE = wholemodule;
			};
			name = Release;
		};
		B3548BA82E2E52CB0045BA41 /* Debug */ = {
			isa = XCBuildConfiguration;
			buildSettings = {
				ASSETCATALOG_COMPILER_APPICON_NAME = AppIcon;
				ASSETCATALOG_COMPILER_GLOBAL_ACCENT_COLOR_NAME = AccentColor;
				CODE_SIGN_STYLE = Automatic;
				CURRENT_PROJECT_VERSION = 1;
				DEVELOPMENT_TEAM = Y65QKG27DA;
				ENABLE_PREVIEWS = YES;
				GENERATE_INFOPLIST_FILE = YES;
				INFOPLIST_KEY_CFBundleDisplayName = FiveMinutes;
				INFOPLIST_KEY_UISupportedInterfaceOrientations = "UIInterfaceOrientationPortrait UIInterfaceOrientationPortraitUpsideDown";
				INFOPLIST_KEY_WKWatchOnly = YES;
				LD_RUNPATH_SEARCH_PATHS = (
					"$(inherited)",
					"@executable_path/Frameworks",
				);
				MARKETING_VERSION = 1.0;
				PRODUCT_BUNDLE_IDENTIFIER = com.gustavot.FiveMinutes.watchkitapp;
				PRODUCT_NAME = "$(TARGET_NAME)";
				SDKROOT = watchos;
				SKIP_INSTALL = YES;
				SWIFT_EMIT_LOC_STRINGS = YES;
				SWIFT_VERSION = 5.0;
				TARGETED_DEVICE_FAMILY = 4;
				WATCHOS_DEPLOYMENT_TARGET = 11.5;
			};
			name = Debug;
		};
		B3548BA92E2E52CB0045BA41 /* Release */ = {
			isa = XCBuildConfiguration;
			buildSettings = {
				ASSETCATALOG_COMPILER_APPICON_NAME = AppIcon;
				ASSETCATALOG_COMPILER_GLOBAL_ACCENT_COLOR_NAME = AccentColor;
				CODE_SIGN_STYLE = Automatic;
				CURRENT_PROJECT_VERSION = 1;
				DEVELOPMENT_TEAM = Y65QKG27DA;
				ENABLE_PREVIEWS = YES;
				GENERATE_INFOPLIST_FILE = YES;
				INFOPLIST_KEY_CFBundleDisplayName = FiveMinutes;
				INFOPLIST_KEY_UISupportedInterfaceOrientations = "UIInterfaceOrientationPortrait UIInterfaceOrientationPortraitUpsideDown";
				INFOPLIST_KEY_WKWatchOnly = YES;
				LD_RUNPATH_SEARCH_PATHS = (
					"$(inherited)",
					"@executable_path/Frameworks",
				);
				MARKETING_VERSION = 1.0;
				PRODUCT_BUNDLE_IDENTIFIER = com.gustavot.FiveMinutes.watchkitapp;
				PRODUCT_NAME = "$(TARGET_NAME)";
				SDKROOT = watchos;
				SKIP_INSTALL = YES;
				SWIFT_EMIT_LOC_STRINGS = YES;
				SWIFT_VERSION = 5.0;
				TARGETED_DEVICE_FAMILY = 4;
				VALIDATE_PRODUCT = YES;
				WATCHOS_DEPLOYMENT_TARGET = 11.5;
			};
			name = Release;
		};
		B3548BAC2E2E52CB0045BA41 /* Debug */ = {
			isa = XCBuildConfiguration;
			buildSettings = {
				CODE_SIGN_STYLE = Automatic;
				CURRENT_PROJECT_VERSION = 1;
				DEVELOPMENT_TEAM = Y65QKG27DA;
				INFOPLIST_KEY_CFBundleDisplayName = FiveMinutes;
				MARKETING_VERSION = 1.0;
				PRODUCT_BUNDLE_IDENTIFIER = com.gustavot.FiveMinutes;
				PRODUCT_NAME = "$(TARGET_NAME)";
				SDKROOT = iphoneos;
				SWIFT_VERSION = 5.0;
			};
			name = Debug;
		};
		B3548BAD2E2E52CB0045BA41 /* Release */ = {
			isa = XCBuildConfiguration;
			buildSettings = {
				CODE_SIGN_STYLE = Automatic;
				CURRENT_PROJECT_VERSION = 1;
				DEVELOPMENT_TEAM = Y65QKG27DA;
				INFOPLIST_KEY_CFBundleDisplayName = FiveMinutes;
				MARKETING_VERSION = 1.0;
				PRODUCT_BUNDLE_IDENTIFIER = com.gustavot.FiveMinutes;
				PRODUCT_NAME = "$(TARGET_NAME)";
				SDKROOT = iphoneos;
				SWIFT_VERSION = 5.0;
				VALIDATE_PRODUCT = YES;
			};
			name = Release;
		};
		B3548BAF2E2E52CB0045BA41 /* Debug */ = {
			isa = XCBuildConfiguration;
			buildSettings = {
				BUNDLE_LOADER = "$(TEST_HOST)";
				CODE_SIGN_STYLE = Automatic;
				CURRENT_PROJECT_VERSION = 1;
				DEVELOPMENT_TEAM = Y65QKG27DA;
				GENERATE_INFOPLIST_FILE = YES;
				MARKETING_VERSION = 1.0;
				PRODUCT_BUNDLE_IDENTIFIER = "com.gustavot.FiveMinutes-Watch-AppTests";
				PRODUCT_NAME = "$(TARGET_NAME)";
				SDKROOT = watchos;
				SWIFT_EMIT_LOC_STRINGS = NO;
				SWIFT_VERSION = 5.0;
				TARGETED_DEVICE_FAMILY = 4;
				TEST_HOST = "$(BUILT_PRODUCTS_DIR)/FiveMinutes Watch App.app/$(BUNDLE_EXECUTABLE_FOLDER_PATH)/FiveMinutes Watch App";
				WATCHOS_DEPLOYMENT_TARGET = 11.5;
			};
			name = Debug;
		};
		B3548BB02E2E52CB0045BA41 /* Release */ = {
			isa = XCBuildConfiguration;
			buildSettings = {
				BUNDLE_LOADER = "$(TEST_HOST)";
				CODE_SIGN_STYLE = Automatic;
				CURRENT_PROJECT_VERSION = 1;
				DEVELOPMENT_TEAM = Y65QKG27DA;
				GENERATE_INFOPLIST_FILE = YES;
				MARKETING_VERSION = 1.0;
				PRODUCT_BUNDLE_IDENTIFIER = "com.gustavot.FiveMinutes-Watch-AppTests";
				PRODUCT_NAME = "$(TARGET_NAME)";
				SDKROOT = watchos;
				SWIFT_EMIT_LOC_STRINGS = NO;
				SWIFT_VERSION = 5.0;
				TARGETED_DEVICE_FAMILY = 4;
				TEST_HOST = "$(BUILT_PRODUCTS_DIR)/FiveMinutes Watch App.app/$(BUNDLE_EXECUTABLE_FOLDER_PATH)/FiveMinutes Watch App";
				VALIDATE_PRODUCT = YES;
				WATCHOS_DEPLOYMENT_TARGET = 11.5;
			};
			name = Release;
		};
		B3548BB22E2E52CB0045BA41 /* Debug */ = {
			isa = XCBuildConfiguration;
			buildSettings = {
				CODE_SIGN_STYLE = Automatic;
				CURRENT_PROJECT_VERSION = 1;
				DEVELOPMENT_TEAM = Y65QKG27DA;
				GENERATE_INFOPLIST_FILE = YES;
				MARKETING_VERSION = 1.0;
				PRODUCT_BUNDLE_IDENTIFIER = "com.gustavot.FiveMinutes-Watch-AppUITests";
				PRODUCT_NAME = "$(TARGET_NAME)";
				SDKROOT = watchos;
				SWIFT_EMIT_LOC_STRINGS = NO;
				SWIFT_VERSION = 5.0;
				TARGETED_DEVICE_FAMILY = 4;
				TEST_TARGET_NAME = "FiveMinutes Watch App";
				WATCHOS_DEPLOYMENT_TARGET = 11.5;
			};
			name = Debug;
		};
		B3548BB32E2E52CB0045BA41 /* Release */ = {
			isa = XCBuildConfiguration;
			buildSettings = {
				CODE_SIGN_STYLE = Automatic;
				CURRENT_PROJECT_VERSION = 1;
				DEVELOPMENT_TEAM = Y65QKG27DA;
				GENERATE_INFOPLIST_FILE = YES;
				MARKETING_VERSION = 1.0;
				PRODUCT_BUNDLE_IDENTIFIER = "com.gustavot.FiveMinutes-Watch-AppUITests";
				PRODUCT_NAME = "$(TARGET_NAME)";
				SDKROOT = watchos;
				SWIFT_EMIT_LOC_STRINGS = NO;
				SWIFT_VERSION = 5.0;
				TARGETED_DEVICE_FAMILY = 4;
				TEST_TARGET_NAME = "FiveMinutes Watch App";
				VALIDATE_PRODUCT = YES;
				WATCHOS_DEPLOYMENT_TARGET = 11.5;
			};
			name = Release;
		};
/* End XCBuildConfiguration section */

/* Begin XCConfigurationList section */
		B3548B7B2E2E52C90045BA41 /* Build configuration list for PBXProject "FiveMinutes" */ = {
			isa = XCConfigurationList;
			buildConfigurations = (
				B3548BA52E2E52CB0045BA41 /* Debug */,
				B3548BA62E2E52CB0045BA41 /* Release */,
			);
			defaultConfigurationIsVisible = 0;
			defaultConfigurationName = Release;
		};
		B3548BA72E2E52CB0045BA41 /* Build configuration list for PBXNativeTarget "FiveMinutes Watch App" */ = {
			isa = XCConfigurationList;
			buildConfigurations = (
				B3548BA82E2E52CB0045BA41 /* Debug */,
				B3548BA92E2E52CB0045BA41 /* Release */,
			);
			defaultConfigurationIsVisible = 0;
			defaultConfigurationName = Release;
		};
		B3548BAB2E2E52CB0045BA41 /* Build configuration list for PBXNativeTarget "FiveMinutes" */ = {
			isa = XCConfigurationList;
			buildConfigurations = (
				B3548BAC2E2E52CB0045BA41 /* Debug */,
				B3548BAD2E2E52CB0045BA41 /* Release */,
			);
			defaultConfigurationIsVisible = 0;
			defaultConfigurationName = Release;
		};
		B3548BAE2E2E52CB0045BA41 /* Build configuration list for PBXNativeTarget "FiveMinutes Watch AppTests" */ = {
			isa = XCConfigurationList;
			buildConfigurations = (
				B3548BAF2E2E52CB0045BA41 /* Debug */,
				B3548BB02E2E52CB0045BA41 /* Release */,
			);
			defaultConfigurationIsVisible = 0;
			defaultConfigurationName = Release;
		};
		B3548BB12E2E52CB0045BA41 /* Build configuration list for PBXNativeTarget "FiveMinutes Watch AppUITests" */ = {
			isa = XCConfigurationList;
			buildConfigurations = (
				B3548BB22E2E52CB0045BA41 /* Debug */,
				B3548BB32E2E52CB0045BA41 /* Release */,
			);
			defaultConfigurationIsVisible = 0;
			defaultConfigurationName = Release;
		};
/* End XCConfigurationList section */
	};
	rootObject = B3548B782E2E52C90045BA41 /* Project object */;
}
